
Microsoft Visual Studio Solution File, Format Version 12.00
# Visual Studio 15
VisualStudioVersion = 15.0.28307.136
MinimumVisualStudioVersion = 10.0.40219.1
Project("{FAE04EC0-301F-11D3-BF4B-00C04F79EFBC}") = "P01-HarvestingFields", "P01-HarvestingFields\P01-HarvestingFields.csproj", "{22D3B398-C364-4D67-8F9D-29E20F98DA01}"
EndProject
Project("{FAE04EC0-301F-11D3-BF4B-00C04F79EFBC}") = "P02-BlackBoxInteger", "P02-BlackBoxInteger\P02-BlackBoxInteger.csproj", "{828BCA60-6475-4B11-9895-11EBFC061279}"
EndProject
Project("{FAE04EC0-301F-11D3-BF4B-00C04F79EFBC}") = "P03-BarracksWars", "P03-BarracksWars\P03-BarracksWars.csproj", "{C93187C7-46E2-4235-A864-B7A1E9CB269D}"
EndProject
Global
	GlobalSection(SolutionConfigurationPlatforms) = preSolution
		Debug|Any CPU = Debug|Any CPU
		Release|Any CPU = Release|Any CPU
	EndGlobalSection
	GlobalSection(ProjectConfigurationPlatforms) = postSolution
		{22D3B398-C364-4D67-8F9D-29E20F98DA01}.Debug|Any CPU.ActiveCfg = Debug|Any CPU
		{22D3B398-C364-4D67-8F9D-29E20F98DA01}.Debug|Any CPU.Build.0 = Debug|Any CPU
		{22D3B398-C364-4D67-8F9D-29E20F98DA01}.Release|Any CPU.ActiveCfg = Release|Any CPU
		{22D3B398-C364-4D67-8F9D-29E20F98DA01}.Release|Any CPU.Build.0 = Release|Any CPU
		{828BCA60-6475-4B11-9895-11EBFC061279}.Debug|Any CPU.ActiveCfg = Debug|Any CPU
		{828BCA60-6475-4B11-9895-11EBFC061279}.Debug|Any CPU.Build.0 = Debug|Any CPU
		{828BCA60-6475-4B11-9895-11EBFC061279}.Release|Any CPU.ActiveCfg = Release|Any CPU
		{828BCA60-6475-4B11-9895-11EBFC061279}.Release|Any CPU.Build.0 = Release|Any CPU
		{C93187C7-46E2-4235-A864-B7A1E9CB269D}.Debug|Any CPU.ActiveCfg = Debug|Any CPU
		{C93187C7-46E2-4235-A864-B7A1E9CB269D}.Debug|Any CPU.Build.0 = Debug|Any CPU
		{C93187C7-46E2-4235-A864-B7A1E9CB269D}.Release|Any CPU.ActiveCfg = Release|Any CPU
		{C93187C7-46E2-4235-A864-B7A1E9CB269D}.Release|Any CPU.Build.0 = Release|Any CPU
	EndGlobalSection
	GlobalSection(SolutionProperties) = preSolution
		HideSolutionNode = FALSE
	EndGlobalSection
	GlobalSection(ExtensibilityGlobals) = postSolution
		SolutionGuid = {A530E8EE-9C5E-41C3-AA76-AA13ECE630FC}
	EndGlobalSection
EndGlobal
