
Microsoft Visual Studio Solution File, Format Version 12.00
# Visual Studio 15
VisualStudioVersion = 15.0.28307.136
MinimumVisualStudioVersion = 10.0.40219.1
Project("{FAE04EC0-301F-11D3-BF4B-00C04F79EFBC}") = "P01-MathOperations", "P01-MathOperations\P01-MathOperations.csproj", "{E690804B-30D6-4533-80F9-7C38190DC42C}"
EndProject
Project("{FAE04EC0-301F-11D3-BF4B-00C04F79EFBC}") = "P02-Animals", "P02-Animals\P02-Animals.csproj", "{DC6C10CB-9EC2-4198-A238-AD499EF1A0D5}"
EndProject
Project("{FAE04EC0-301F-11D3-BF4B-00C04F79EFBC}") = "P03-Shapes", "P03-Shapes\P03-Shapes.csproj", "{FCE61A8D-2E85-48E3-BE77-32DE66BB15AD}"
EndProject
Global
	GlobalSection(SolutionConfigurationPlatforms) = preSolution
		Debug|Any CPU = Debug|Any CPU
		Release|Any CPU = Release|Any CPU
	EndGlobalSection
	GlobalSection(ProjectConfigurationPlatforms) = postSolution
		{E690804B-30D6-4533-80F9-7C38190DC42C}.Debug|Any CPU.ActiveCfg = Debug|Any CPU
		{E690804B-30D6-4533-80F9-7C38190DC42C}.Debug|Any CPU.Build.0 = Debug|Any CPU
		{E690804B-30D6-4533-80F9-7C38190DC42C}.Release|Any CPU.ActiveCfg = Release|Any CPU
		{E690804B-30D6-4533-80F9-7C38190DC42C}.Release|Any CPU.Build.0 = Release|Any CPU
		{DC6C10CB-9EC2-4198-A238-AD499EF1A0D5}.Debug|Any CPU.ActiveCfg = Debug|Any CPU
		{DC6C10CB-9EC2-4198-A238-AD499EF1A0D5}.Debug|Any CPU.Build.0 = Debug|Any CPU
		{DC6C10CB-9EC2-4198-A238-AD499EF1A0D5}.Release|Any CPU.ActiveCfg = Release|Any CPU
		{DC6C10CB-9EC2-4198-A238-AD499EF1A0D5}.Release|Any CPU.Build.0 = Release|Any CPU
		{FCE61A8D-2E85-48E3-BE77-32DE66BB15AD}.Debug|Any CPU.ActiveCfg = Debug|Any CPU
		{FCE61A8D-2E85-48E3-BE77-32DE66BB15AD}.Debug|Any CPU.Build.0 = Debug|Any CPU
		{FCE61A8D-2E85-48E3-BE77-32DE66BB15AD}.Release|Any CPU.ActiveCfg = Release|Any CPU
		{FCE61A8D-2E85-48E3-BE77-32DE66BB15AD}.Release|Any CPU.Build.0 = Release|Any CPU
	EndGlobalSection
	GlobalSection(SolutionProperties) = preSolution
		HideSolutionNode = FALSE
	EndGlobalSection
	GlobalSection(ExtensibilityGlobals) = postSolution
		SolutionGuid = {59CEA152-2FB1-418F-B97E-B20AF735F55D}
	EndGlobalSection
EndGlobal
