
Microsoft Visual Studio Solution File, Format Version 12.00
# Visual Studio 15
VisualStudioVersion = 15.0.28307.136
MinimumVisualStudioVersion = 10.0.40219.1
Project("{FAE04EC0-301F-11D3-BF4B-00C04F79EFBC}") = "INStock", "INStock\INStock.csproj", "{137A8001-2DA4-4D34-9742-B373D35136B0}"
EndProject
Project("{FAE04EC0-301F-11D3-BF4B-00C04F79EFBC}") = "INStock.Tests", "INStock.Tests\INStock.Tests.csproj", "{8E0E23C5-1989-4791-A863-7D010849F33F}"
EndProject
Global
	GlobalSection(SolutionConfigurationPlatforms) = preSolution
		Debug|Any CPU = Debug|Any CPU
		Release|Any CPU = Release|Any CPU
	EndGlobalSection
	GlobalSection(ProjectConfigurationPlatforms) = postSolution
		{137A8001-2DA4-4D34-9742-B373D35136B0}.Debug|Any CPU.ActiveCfg = Debug|Any CPU
		{137A8001-2DA4-4D34-9742-B373D35136B0}.Debug|Any CPU.Build.0 = Debug|Any CPU
		{137A8001-2DA4-4D34-9742-B373D35136B0}.Release|Any CPU.ActiveCfg = Release|Any CPU
		{137A8001-2DA4-4D34-9742-B373D35136B0}.Release|Any CPU.Build.0 = Release|Any CPU
		{8E0E23C5-1989-4791-A863-7D010849F33F}.Debug|Any CPU.ActiveCfg = Debug|Any CPU
		{8E0E23C5-1989-4791-A863-7D010849F33F}.Debug|Any CPU.Build.0 = Debug|Any CPU
		{8E0E23C5-1989-4791-A863-7D010849F33F}.Release|Any CPU.ActiveCfg = Release|Any CPU
		{8E0E23C5-1989-4791-A863-7D010849F33F}.Release|Any CPU.Build.0 = Release|Any CPU
	EndGlobalSection
	GlobalSection(SolutionProperties) = preSolution
		HideSolutionNode = FALSE
	EndGlobalSection
	GlobalSection(ExtensibilityGlobals) = postSolution
		SolutionGuid = {D2A52CEE-A7A9-4EC7-A609-F045526C7E60}
	EndGlobalSection
EndGlobal
