
Microsoft Visual Studio Solution File, Format Version 12.00
# Visual Studio 15
VisualStudioVersion = 15.0.28307.136
MinimumVisualStudioVersion = 10.0.40219.1
Project("{9A19103F-16F7-4668-BE54-9A1E7A4F7556}") = "P05-SpecialCars", "P05-SpecialCars\P05-SpecialCars.csproj", "{67CFDFE4-87A5-4A8F-A207-4F00E375BC1A}"
EndProject
Project("{FAE04EC0-301F-11D3-BF4B-00C04F79EFBC}") = "CarManufacturer", "CarManufacturer\CarManufacturer.csproj", "{952A5F10-3906-4EB3-8270-F2F703200562}"
EndProject
Global
	GlobalSection(SolutionConfigurationPlatforms) = preSolution
		Debug|Any CPU = Debug|Any CPU
		Release|Any CPU = Release|Any CPU
	EndGlobalSection
	GlobalSection(ProjectConfigurationPlatforms) = postSolution
		{67CFDFE4-87A5-4A8F-A207-4F00E375BC1A}.Debug|Any CPU.ActiveCfg = Debug|Any CPU
		{67CFDFE4-87A5-4A8F-A207-4F00E375BC1A}.Debug|Any CPU.Build.0 = Debug|Any CPU
		{67CFDFE4-87A5-4A8F-A207-4F00E375BC1A}.Release|Any CPU.ActiveCfg = Release|Any CPU
		{67CFDFE4-87A5-4A8F-A207-4F00E375BC1A}.Release|Any CPU.Build.0 = Release|Any CPU
		{952A5F10-3906-4EB3-8270-F2F703200562}.Debug|Any CPU.ActiveCfg = Debug|Any CPU
		{952A5F10-3906-4EB3-8270-F2F703200562}.Debug|Any CPU.Build.0 = Debug|Any CPU
		{952A5F10-3906-4EB3-8270-F2F703200562}.Release|Any CPU.ActiveCfg = Release|Any CPU
		{952A5F10-3906-4EB3-8270-F2F703200562}.Release|Any CPU.Build.0 = Release|Any CPU
	EndGlobalSection
	GlobalSection(SolutionProperties) = preSolution
		HideSolutionNode = FALSE
	EndGlobalSection
	GlobalSection(ExtensibilityGlobals) = postSolution
		SolutionGuid = {263A22B7-546A-4FAC-8A21-3B881980C991}
	EndGlobalSection
EndGlobal
