
Microsoft Visual Studio Solution File, Format Version 12.00
# Visual Studio 15
VisualStudioVersion = 15.0.28307.136
MinimumVisualStudioVersion = 10.0.40219.1
Project("{FAE04EC0-301F-11D3-BF4B-00C04F79EFBC}") = "P01-SingleInheritance", "P01-SingleInheritance\P01-SingleInheritance.csproj", "{6C2EA61B-34C2-4918-A4E1-02D78376808F}"
EndProject
Project("{FAE04EC0-301F-11D3-BF4B-00C04F79EFBC}") = "P02-MultipleInheritance", "P02-MultipleInheritance\P02-MultipleInheritance.csproj", "{81091A8E-6A5B-45EB-B5E9-377AF4FD95AB}"
EndProject
Project("{FAE04EC0-301F-11D3-BF4B-00C04F79EFBC}") = "P03-HierarchicalInheritance", "P03-HierarchicalInheritance\P03-HierarchicalInheritance.csproj", "{46CCBEB4-A1FA-4742-80E4-029FFFB0AE8A}"
EndProject
Project("{FAE04EC0-301F-11D3-BF4B-00C04F79EFBC}") = "P04-RandomList", "P04-RandomList\P04-RandomList.csproj", "{1E3DA891-25E8-4F89-BC1E-FE4BD04267BE}"
EndProject
Project("{FAE04EC0-301F-11D3-BF4B-00C04F79EFBC}") = "P05-StackOfStrings", "P05-StackOfStrings\P05-StackOfStrings.csproj", "{EA267BE4-9446-4DAB-A669-A3BC94C1C24C}"
EndProject
Global
	GlobalSection(SolutionConfigurationPlatforms) = preSolution
		Debug|Any CPU = Debug|Any CPU
		Release|Any CPU = Release|Any CPU
	EndGlobalSection
	GlobalSection(ProjectConfigurationPlatforms) = postSolution
		{6C2EA61B-34C2-4918-A4E1-02D78376808F}.Debug|Any CPU.ActiveCfg = Debug|Any CPU
		{6C2EA61B-34C2-4918-A4E1-02D78376808F}.Debug|Any CPU.Build.0 = Debug|Any CPU
		{6C2EA61B-34C2-4918-A4E1-02D78376808F}.Release|Any CPU.ActiveCfg = Release|Any CPU
		{6C2EA61B-34C2-4918-A4E1-02D78376808F}.Release|Any CPU.Build.0 = Release|Any CPU
		{81091A8E-6A5B-45EB-B5E9-377AF4FD95AB}.Debug|Any CPU.ActiveCfg = Debug|Any CPU
		{81091A8E-6A5B-45EB-B5E9-377AF4FD95AB}.Debug|Any CPU.Build.0 = Debug|Any CPU
		{81091A8E-6A5B-45EB-B5E9-377AF4FD95AB}.Release|Any CPU.ActiveCfg = Release|Any CPU
		{81091A8E-6A5B-45EB-B5E9-377AF4FD95AB}.Release|Any CPU.Build.0 = Release|Any CPU
		{46CCBEB4-A1FA-4742-80E4-029FFFB0AE8A}.Debug|Any CPU.ActiveCfg = Debug|Any CPU
		{46CCBEB4-A1FA-4742-80E4-029FFFB0AE8A}.Debug|Any CPU.Build.0 = Debug|Any CPU
		{46CCBEB4-A1FA-4742-80E4-029FFFB0AE8A}.Release|Any CPU.ActiveCfg = Release|Any CPU
		{46CCBEB4-A1FA-4742-80E4-029FFFB0AE8A}.Release|Any CPU.Build.0 = Release|Any CPU
		{1E3DA891-25E8-4F89-BC1E-FE4BD04267BE}.Debug|Any CPU.ActiveCfg = Debug|Any CPU
		{1E3DA891-25E8-4F89-BC1E-FE4BD04267BE}.Debug|Any CPU.Build.0 = Debug|Any CPU
		{1E3DA891-25E8-4F89-BC1E-FE4BD04267BE}.Release|Any CPU.ActiveCfg = Release|Any CPU
		{1E3DA891-25E8-4F89-BC1E-FE4BD04267BE}.Release|Any CPU.Build.0 = Release|Any CPU
		{EA267BE4-9446-4DAB-A669-A3BC94C1C24C}.Debug|Any CPU.ActiveCfg = Debug|Any CPU
		{EA267BE4-9446-4DAB-A669-A3BC94C1C24C}.Debug|Any CPU.Build.0 = Debug|Any CPU
		{EA267BE4-9446-4DAB-A669-A3BC94C1C24C}.Release|Any CPU.ActiveCfg = Release|Any CPU
		{EA267BE4-9446-4DAB-A669-A3BC94C1C24C}.Release|Any CPU.Build.0 = Release|Any CPU
	EndGlobalSection
	GlobalSection(SolutionProperties) = preSolution
		HideSolutionNode = FALSE
	EndGlobalSection
	GlobalSection(ExtensibilityGlobals) = postSolution
		SolutionGuid = {FF28980A-E862-45DB-BEDC-9F638C07294A}
	EndGlobalSection
EndGlobal
