
Microsoft Visual Studio Solution File, Format Version 12.00
# Visual Studio 15
VisualStudioVersion = 15.0.28307.136
MinimumVisualStudioVersion = 10.0.40219.1
Project("{FAE04EC0-301F-11D3-BF4B-00C04F79EFBC}") = "P01-BoxOfT", "P01-BoxOfT\P01-BoxOfT.csproj", "{0CE9332A-D77D-4453-A6A3-36AAB8012BFB}"
EndProject
Project("{FAE04EC0-301F-11D3-BF4B-00C04F79EFBC}") = "P02-GenericArrayCreator", "P02-GenericArrayCreator\P02-GenericArrayCreator.csproj", "{41FAF79D-3076-4316-86E9-6633DD21AF86}"
EndProject
Project("{FAE04EC0-301F-11D3-BF4B-00C04F79EFBC}") = "P03-GenericScale", "P03-GenericScale\P03-GenericScale.csproj", "{98BDF0DC-2B05-46AF-BBB9-FF4328BD07FA}"
EndProject
Global
	GlobalSection(SolutionConfigurationPlatforms) = preSolution
		Debug|Any CPU = Debug|Any CPU
		Release|Any CPU = Release|Any CPU
	EndGlobalSection
	GlobalSection(ProjectConfigurationPlatforms) = postSolution
		{0CE9332A-D77D-4453-A6A3-36AAB8012BFB}.Debug|Any CPU.ActiveCfg = Debug|Any CPU
		{0CE9332A-D77D-4453-A6A3-36AAB8012BFB}.Debug|Any CPU.Build.0 = Debug|Any CPU
		{0CE9332A-D77D-4453-A6A3-36AAB8012BFB}.Release|Any CPU.ActiveCfg = Release|Any CPU
		{0CE9332A-D77D-4453-A6A3-36AAB8012BFB}.Release|Any CPU.Build.0 = Release|Any CPU
		{41FAF79D-3076-4316-86E9-6633DD21AF86}.Debug|Any CPU.ActiveCfg = Debug|Any CPU
		{41FAF79D-3076-4316-86E9-6633DD21AF86}.Debug|Any CPU.Build.0 = Debug|Any CPU
		{41FAF79D-3076-4316-86E9-6633DD21AF86}.Release|Any CPU.ActiveCfg = Release|Any CPU
		{41FAF79D-3076-4316-86E9-6633DD21AF86}.Release|Any CPU.Build.0 = Release|Any CPU
		{98BDF0DC-2B05-46AF-BBB9-FF4328BD07FA}.Debug|Any CPU.ActiveCfg = Debug|Any CPU
		{98BDF0DC-2B05-46AF-BBB9-FF4328BD07FA}.Debug|Any CPU.Build.0 = Debug|Any CPU
		{98BDF0DC-2B05-46AF-BBB9-FF4328BD07FA}.Release|Any CPU.ActiveCfg = Release|Any CPU
		{98BDF0DC-2B05-46AF-BBB9-FF4328BD07FA}.Release|Any CPU.Build.0 = Release|Any CPU
	EndGlobalSection
	GlobalSection(SolutionProperties) = preSolution
		HideSolutionNode = FALSE
	EndGlobalSection
	GlobalSection(ExtensibilityGlobals) = postSolution
		SolutionGuid = {97888A98-0CEC-45D7-A6DF-932C3BC126C0}
	EndGlobalSection
EndGlobal
