
Microsoft Visual Studio Solution File, Format Version 12.00
# Visual Studio 15
VisualStudioVersion = 15.0.28307.136
MinimumVisualStudioVersion = 10.0.40219.1
Project("{FAE04EC0-301F-11D3-BF4B-00C04F79EFBC}") = "workshop", "workshop\workshop.csproj", "{BCA06842-F750-459A-B3B5-7A6C5EFB10B5}"
EndProject
Global
	GlobalSection(SolutionConfigurationPlatforms) = preSolution
		Debug|Any CPU = Debug|Any CPU
		Release|Any CPU = Release|Any CPU
	EndGlobalSection
	GlobalSection(ProjectConfigurationPlatforms) = postSolution
		{BCA06842-F750-459A-B3B5-7A6C5EFB10B5}.Debug|Any CPU.ActiveCfg = Debug|Any CPU
		{BCA06842-F750-459A-B3B5-7A6C5EFB10B5}.Debug|Any CPU.Build.0 = Debug|Any CPU
		{BCA06842-F750-459A-B3B5-7A6C5EFB10B5}.Release|Any CPU.ActiveCfg = Release|Any CPU
		{BCA06842-F750-459A-B3B5-7A6C5EFB10B5}.Release|Any CPU.Build.0 = Release|Any CPU
	EndGlobalSection
	GlobalSection(SolutionProperties) = preSolution
		HideSolutionNode = FALSE
	EndGlobalSection
	GlobalSection(ExtensibilityGlobals) = postSolution
		SolutionGuid = {95E32D9B-1053-4DAF-BB43-F3B779530105}
	EndGlobalSection
EndGlobal
