
Microsoft Visual Studio Solution File, Format Version 12.00
# Visual Studio 15
VisualStudioVersion = 15.0.28307.136
MinimumVisualStudioVersion = 10.0.40219.1
Project("{FAE04EC0-301F-11D3-BF4B-00C04F79EFBC}") = "P01-Shapes", "P01-Shapes\P01-Shapes.csproj", "{9235AFEF-AC84-49CE-80A1-57312FF7257A}"
EndProject
Project("{FAE04EC0-301F-11D3-BF4B-00C04F79EFBC}") = "P02-Cars", "P02-Cars\P02-Cars.csproj", "{56341B03-AB08-4E04-889A-8A20F2821F1D}"
EndProject
Global
	GlobalSection(SolutionConfigurationPlatforms) = preSolution
		Debug|Any CPU = Debug|Any CPU
		Release|Any CPU = Release|Any CPU
	EndGlobalSection
	GlobalSection(ProjectConfigurationPlatforms) = postSolution
		{9235AFEF-AC84-49CE-80A1-57312FF7257A}.Debug|Any CPU.ActiveCfg = Debug|Any CPU
		{9235AFEF-AC84-49CE-80A1-57312FF7257A}.Debug|Any CPU.Build.0 = Debug|Any CPU
		{9235AFEF-AC84-49CE-80A1-57312FF7257A}.Release|Any CPU.ActiveCfg = Release|Any CPU
		{9235AFEF-AC84-49CE-80A1-57312FF7257A}.Release|Any CPU.Build.0 = Release|Any CPU
		{56341B03-AB08-4E04-889A-8A20F2821F1D}.Debug|Any CPU.ActiveCfg = Debug|Any CPU
		{56341B03-AB08-4E04-889A-8A20F2821F1D}.Debug|Any CPU.Build.0 = Debug|Any CPU
		{56341B03-AB08-4E04-889A-8A20F2821F1D}.Release|Any CPU.ActiveCfg = Release|Any CPU
		{56341B03-AB08-4E04-889A-8A20F2821F1D}.Release|Any CPU.Build.0 = Release|Any CPU
	EndGlobalSection
	GlobalSection(SolutionProperties) = preSolution
		HideSolutionNode = FALSE
	EndGlobalSection
	GlobalSection(ExtensibilityGlobals) = postSolution
		SolutionGuid = {A3C0487D-4950-444E-B744-CD8FB566B1D6}
	EndGlobalSection
EndGlobal
