
Microsoft Visual Studio Solution File, Format Version 12.00
# Visual Studio 15
VisualStudioVersion = 15.0.28307.136
MinimumVisualStudioVersion = 10.0.40219.1
Project("{FAE04EC0-301F-11D3-BF4B-00C04F79EFBC}") = "P01-RhombusOfStars", "P01-RhombusOfStars\P01-RhombusOfStars.csproj", "{3259D639-07AF-4520-BC7D-CF516A369017}"
EndProject
Project("{FAE04EC0-301F-11D3-BF4B-00C04F79EFBC}") = "P02-PointInRectangle", "P02-PointInRectangle\P02-PointInRectangle.csproj", "{AE0EFA98-DDFB-4147-A6A8-F0AC95AACC9C}"
EndProject
Global
	GlobalSection(SolutionConfigurationPlatforms) = preSolution
		Debug|Any CPU = Debug|Any CPU
		Release|Any CPU = Release|Any CPU
	EndGlobalSection
	GlobalSection(ProjectConfigurationPlatforms) = postSolution
		{3259D639-07AF-4520-BC7D-CF516A369017}.Debug|Any CPU.ActiveCfg = Debug|Any CPU
		{3259D639-07AF-4520-BC7D-CF516A369017}.Debug|Any CPU.Build.0 = Debug|Any CPU
		{3259D639-07AF-4520-BC7D-CF516A369017}.Release|Any CPU.ActiveCfg = Release|Any CPU
		{3259D639-07AF-4520-BC7D-CF516A369017}.Release|Any CPU.Build.0 = Release|Any CPU
		{AE0EFA98-DDFB-4147-A6A8-F0AC95AACC9C}.Debug|Any CPU.ActiveCfg = Debug|Any CPU
		{AE0EFA98-DDFB-4147-A6A8-F0AC95AACC9C}.Debug|Any CPU.Build.0 = Debug|Any CPU
		{AE0EFA98-DDFB-4147-A6A8-F0AC95AACC9C}.Release|Any CPU.ActiveCfg = Release|Any CPU
		{AE0EFA98-DDFB-4147-A6A8-F0AC95AACC9C}.Release|Any CPU.Build.0 = Release|Any CPU
	EndGlobalSection
	GlobalSection(SolutionProperties) = preSolution
		HideSolutionNode = FALSE
	EndGlobalSection
	GlobalSection(ExtensibilityGlobals) = postSolution
		SolutionGuid = {AA64D20B-E8B7-463D-9538-EB4ABF4E7467}
	EndGlobalSection
EndGlobal
