
Microsoft Visual Studio Solution File, Format Version 12.00
# Visual Studio 15
VisualStudioVersion = 15.0.28307.136
MinimumVisualStudioVersion = 10.0.40219.1
Project("{FAE04EC0-301F-11D3-BF4B-00C04F79EFBC}") = "P01-Vehicles", "P01-Vehicles\P01-Vehicles.csproj", "{09B1A752-8139-4786-A76D-C7F15A70E9DF}"
EndProject
Project("{FAE04EC0-301F-11D3-BF4B-00C04F79EFBC}") = "P02-VehiclesExtension", "P02-VehiclesExtension\P02-VehiclesExtension.csproj", "{C2E12CC5-7115-4C8A-991F-AEAEC0C21E3C}"
EndProject
Project("{FAE04EC0-301F-11D3-BF4B-00C04F79EFBC}") = "P03-WildFarm", "P03-WildFarm\P03-WildFarm.csproj", "{3F498395-FA39-494C-9A9F-2735279AE751}"
EndProject
Global
	GlobalSection(SolutionConfigurationPlatforms) = preSolution
		Debug|Any CPU = Debug|Any CPU
		Release|Any CPU = Release|Any CPU
	EndGlobalSection
	GlobalSection(ProjectConfigurationPlatforms) = postSolution
		{09B1A752-8139-4786-A76D-C7F15A70E9DF}.Debug|Any CPU.ActiveCfg = Debug|Any CPU
		{09B1A752-8139-4786-A76D-C7F15A70E9DF}.Debug|Any CPU.Build.0 = Debug|Any CPU
		{09B1A752-8139-4786-A76D-C7F15A70E9DF}.Release|Any CPU.ActiveCfg = Release|Any CPU
		{09B1A752-8139-4786-A76D-C7F15A70E9DF}.Release|Any CPU.Build.0 = Release|Any CPU
		{C2E12CC5-7115-4C8A-991F-AEAEC0C21E3C}.Debug|Any CPU.ActiveCfg = Debug|Any CPU
		{C2E12CC5-7115-4C8A-991F-AEAEC0C21E3C}.Debug|Any CPU.Build.0 = Debug|Any CPU
		{C2E12CC5-7115-4C8A-991F-AEAEC0C21E3C}.Release|Any CPU.ActiveCfg = Release|Any CPU
		{C2E12CC5-7115-4C8A-991F-AEAEC0C21E3C}.Release|Any CPU.Build.0 = Release|Any CPU
		{3F498395-FA39-494C-9A9F-2735279AE751}.Debug|Any CPU.ActiveCfg = Debug|Any CPU
		{3F498395-FA39-494C-9A9F-2735279AE751}.Debug|Any CPU.Build.0 = Debug|Any CPU
		{3F498395-FA39-494C-9A9F-2735279AE751}.Release|Any CPU.ActiveCfg = Release|Any CPU
		{3F498395-FA39-494C-9A9F-2735279AE751}.Release|Any CPU.Build.0 = Release|Any CPU
	EndGlobalSection
	GlobalSection(SolutionProperties) = preSolution
		HideSolutionNode = FALSE
	EndGlobalSection
	GlobalSection(ExtensibilityGlobals) = postSolution
		SolutionGuid = {D27B2490-EA96-41B5-B4AF-DF62CA7FFC76}
	EndGlobalSection
EndGlobal
