
Microsoft Visual Studio Solution File, Format Version 12.00
# Visual Studio 15
VisualStudioVersion = 15.0.28307.136
MinimumVisualStudioVersion = 10.0.40219.1
Project("{9A19103F-16F7-4668-BE54-9A1E7A4F7556}") = "SoftUniRestaurant", "SoftUniRestaurant.csproj", "{2BCF7203-0C4C-4561-80C2-4C8479E03372}"
EndProject
Global
	GlobalSection(SolutionConfigurationPlatforms) = preSolution
		Debug|Any CPU = Debug|Any CPU
		Release|Any CPU = Release|Any CPU
	EndGlobalSection
	GlobalSection(ProjectConfigurationPlatforms) = postSolution
		{2BCF7203-0C4C-4561-80C2-4C8479E03372}.Debug|Any CPU.ActiveCfg = Debug|Any CPU
		{2BCF7203-0C4C-4561-80C2-4C8479E03372}.Debug|Any CPU.Build.0 = Debug|Any CPU
		{2BCF7203-0C4C-4561-80C2-4C8479E03372}.Release|Any CPU.ActiveCfg = Release|Any CPU
		{2BCF7203-0C4C-4561-80C2-4C8479E03372}.Release|Any CPU.Build.0 = Release|Any CPU
	EndGlobalSection
	GlobalSection(SolutionProperties) = preSolution
		HideSolutionNode = FALSE
	EndGlobalSection
	GlobalSection(ExtensibilityGlobals) = postSolution
		SolutionGuid = {083E6F31-CDF7-4754-B15F-91D462966949}
	EndGlobalSection
EndGlobal
