
Microsoft Visual Studio Solution File, Format Version 12.00
# Visual Studio 15
VisualStudioVersion = 15.0.28307.136
MinimumVisualStudioVersion = 10.0.40219.1
Project("{FAE04EC0-301F-11D3-BF4B-00C04F79EFBC}") = "P01-Stealer", "P01-Stealer\P01-Stealer.csproj", "{996CA50B-F684-46ED-830B-83F7327211C6}"
EndProject
Project("{FAE04EC0-301F-11D3-BF4B-00C04F79EFBC}") = "P02-HighQualityMistakes", "P02-HighQualityMistakes\P02-HighQualityMistakes.csproj", "{C7042401-1272-400E-A868-CFA47857CF4E}"
EndProject
Global
	GlobalSection(SolutionConfigurationPlatforms) = preSolution
		Debug|Any CPU = Debug|Any CPU
		Release|Any CPU = Release|Any CPU
	EndGlobalSection
	GlobalSection(ProjectConfigurationPlatforms) = postSolution
		{996CA50B-F684-46ED-830B-83F7327211C6}.Debug|Any CPU.ActiveCfg = Debug|Any CPU
		{996CA50B-F684-46ED-830B-83F7327211C6}.Debug|Any CPU.Build.0 = Debug|Any CPU
		{996CA50B-F684-46ED-830B-83F7327211C6}.Release|Any CPU.ActiveCfg = Release|Any CPU
		{996CA50B-F684-46ED-830B-83F7327211C6}.Release|Any CPU.Build.0 = Release|Any CPU
		{C7042401-1272-400E-A868-CFA47857CF4E}.Debug|Any CPU.ActiveCfg = Debug|Any CPU
		{C7042401-1272-400E-A868-CFA47857CF4E}.Debug|Any CPU.Build.0 = Debug|Any CPU
		{C7042401-1272-400E-A868-CFA47857CF4E}.Release|Any CPU.ActiveCfg = Release|Any CPU
		{C7042401-1272-400E-A868-CFA47857CF4E}.Release|Any CPU.Build.0 = Release|Any CPU
	EndGlobalSection
	GlobalSection(SolutionProperties) = preSolution
		HideSolutionNode = FALSE
	EndGlobalSection
	GlobalSection(ExtensibilityGlobals) = postSolution
		SolutionGuid = {289F6307-7EFD-4035-80B6-45FB598EFB0E}
	EndGlobalSection
EndGlobal
