
Microsoft Visual Studio Solution File, Format Version 12.00
# Visual Studio 15
VisualStudioVersion = 15.0.28307.136
MinimumVisualStudioVersion = 10.0.40219.1
Project("{9A19103F-16F7-4668-BE54-9A1E7A4F7556}") = "P01-DiagonalDifference", "P01-DiagonalDifference\P01-DiagonalDifference.csproj", "{4EA318FD-4824-483B-B58D-DB1B7F945FF5}"
EndProject
Project("{9A19103F-16F7-4668-BE54-9A1E7A4F7556}") = "P02-2x2SquaresInMatrix", "P02-2x2SquaresInMatrix\P02-2x2SquaresInMatrix.csproj", "{0321B765-C3A8-4BC5-82CC-70F5683E4A72}"
EndProject
Project("{9A19103F-16F7-4668-BE54-9A1E7A4F7556}") = "P03-MaximalSum", "P03-MaximalSum\P03-MaximalSum.csproj", "{E215B462-510C-4DD7-A618-C80FE1F1B229}"
EndProject
Project("{9A19103F-16F7-4668-BE54-9A1E7A4F7556}") = "P04-MatrixShuffling", "P04-MatrixShuffling\P04-MatrixShuffling.csproj", "{C750ECE9-5082-4E21-B65F-10E1154D8DB5}"
EndProject
Project("{FAE04EC0-301F-11D3-BF4B-00C04F79EFBC}") = "P06-BombTheBasement", "P06-BombTheBasement\P06-BombTheBasement.csproj", "{72500EDC-0FCA-420F-B2C2-8B2657D7BA30}"
EndProject
Project("{FAE04EC0-301F-11D3-BF4B-00C04F79EFBC}") = "P08-Bombs", "P08-Bombs\P08-Bombs.csproj", "{51C89A6A-3C21-412A-8910-2F99F503E995}"
EndProject
Project("{FAE04EC0-301F-11D3-BF4B-00C04F79EFBC}") = "P05-SnakeMoves", "P05-SnakeMoves\P05-SnakeMoves.csproj", "{79FC775B-38C1-4C22-8046-1EE9BBDC6B50}"
EndProject
Project("{FAE04EC0-301F-11D3-BF4B-00C04F79EFBC}") = "P09-Miner", "P09-Miner\P09-Miner.csproj", "{FEC2CEB4-8123-41F6-9600-F95EB8B647F7}"
EndProject
Global
	GlobalSection(SolutionConfigurationPlatforms) = preSolution
		Debug|Any CPU = Debug|Any CPU
		Release|Any CPU = Release|Any CPU
	EndGlobalSection
	GlobalSection(ProjectConfigurationPlatforms) = postSolution
		{4EA318FD-4824-483B-B58D-DB1B7F945FF5}.Debug|Any CPU.ActiveCfg = Debug|Any CPU
		{4EA318FD-4824-483B-B58D-DB1B7F945FF5}.Debug|Any CPU.Build.0 = Debug|Any CPU
		{4EA318FD-4824-483B-B58D-DB1B7F945FF5}.Release|Any CPU.ActiveCfg = Release|Any CPU
		{4EA318FD-4824-483B-B58D-DB1B7F945FF5}.Release|Any CPU.Build.0 = Release|Any CPU
		{0321B765-C3A8-4BC5-82CC-70F5683E4A72}.Debug|Any CPU.ActiveCfg = Debug|Any CPU
		{0321B765-C3A8-4BC5-82CC-70F5683E4A72}.Debug|Any CPU.Build.0 = Debug|Any CPU
		{0321B765-C3A8-4BC5-82CC-70F5683E4A72}.Release|Any CPU.ActiveCfg = Release|Any CPU
		{0321B765-C3A8-4BC5-82CC-70F5683E4A72}.Release|Any CPU.Build.0 = Release|Any CPU
		{E215B462-510C-4DD7-A618-C80FE1F1B229}.Debug|Any CPU.ActiveCfg = Debug|Any CPU
		{E215B462-510C-4DD7-A618-C80FE1F1B229}.Debug|Any CPU.Build.0 = Debug|Any CPU
		{E215B462-510C-4DD7-A618-C80FE1F1B229}.Release|Any CPU.ActiveCfg = Release|Any CPU
		{E215B462-510C-4DD7-A618-C80FE1F1B229}.Release|Any CPU.Build.0 = Release|Any CPU
		{C750ECE9-5082-4E21-B65F-10E1154D8DB5}.Debug|Any CPU.ActiveCfg = Debug|Any CPU
		{C750ECE9-5082-4E21-B65F-10E1154D8DB5}.Debug|Any CPU.Build.0 = Debug|Any CPU
		{C750ECE9-5082-4E21-B65F-10E1154D8DB5}.Release|Any CPU.ActiveCfg = Release|Any CPU
		{C750ECE9-5082-4E21-B65F-10E1154D8DB5}.Release|Any CPU.Build.0 = Release|Any CPU
		{72500EDC-0FCA-420F-B2C2-8B2657D7BA30}.Debug|Any CPU.ActiveCfg = Debug|Any CPU
		{72500EDC-0FCA-420F-B2C2-8B2657D7BA30}.Debug|Any CPU.Build.0 = Debug|Any CPU
		{72500EDC-0FCA-420F-B2C2-8B2657D7BA30}.Release|Any CPU.ActiveCfg = Release|Any CPU
		{72500EDC-0FCA-420F-B2C2-8B2657D7BA30}.Release|Any CPU.Build.0 = Release|Any CPU
		{51C89A6A-3C21-412A-8910-2F99F503E995}.Debug|Any CPU.ActiveCfg = Debug|Any CPU
		{51C89A6A-3C21-412A-8910-2F99F503E995}.Debug|Any CPU.Build.0 = Debug|Any CPU
		{51C89A6A-3C21-412A-8910-2F99F503E995}.Release|Any CPU.ActiveCfg = Release|Any CPU
		{51C89A6A-3C21-412A-8910-2F99F503E995}.Release|Any CPU.Build.0 = Release|Any CPU
		{79FC775B-38C1-4C22-8046-1EE9BBDC6B50}.Debug|Any CPU.ActiveCfg = Debug|Any CPU
		{79FC775B-38C1-4C22-8046-1EE9BBDC6B50}.Debug|Any CPU.Build.0 = Debug|Any CPU
		{79FC775B-38C1-4C22-8046-1EE9BBDC6B50}.Release|Any CPU.ActiveCfg = Release|Any CPU
		{79FC775B-38C1-4C22-8046-1EE9BBDC6B50}.Release|Any CPU.Build.0 = Release|Any CPU
		{FEC2CEB4-8123-41F6-9600-F95EB8B647F7}.Debug|Any CPU.ActiveCfg = Debug|Any CPU
		{FEC2CEB4-8123-41F6-9600-F95EB8B647F7}.Debug|Any CPU.Build.0 = Debug|Any CPU
		{FEC2CEB4-8123-41F6-9600-F95EB8B647F7}.Release|Any CPU.ActiveCfg = Release|Any CPU
		{FEC2CEB4-8123-41F6-9600-F95EB8B647F7}.Release|Any CPU.Build.0 = Release|Any CPU
	EndGlobalSection
	GlobalSection(SolutionProperties) = preSolution
		HideSolutionNode = FALSE
	EndGlobalSection
	GlobalSection(ExtensibilityGlobals) = postSolution
		SolutionGuid = {27DA609F-73B7-4C18-A4B9-D9089117EBB6}
	EndGlobalSection
EndGlobal
